---
http_interactions:
- request:
    method: get
    uri: http://pubsub.pubnub.com/time/0?pnsdk=PubNub-Ruby/4.0.0beta&uuid=4cabda21-31e4-4af0-a1f4-5d2b4ce27e01
    body:
      encoding: US-ASCII
      string: ''
    headers:
      Accept-Encoding:
      - gzip;q=1.0,deflate;q=0.6,identity;q=0.3
      Accept:
      - "*/*"
      User-Agent:
      - Ruby
      Connection:
      - keep-alive
      Keep-Alive:
      - 30
  response:
    status:
      code: 200
      message: OK
    headers:
      Date:
      - Fri, 12 Jun 2015 12:41:09 GMT
      Content-Type:
      - text/javascript; charset="UTF-8"
      Content-Length:
      - '19'
      Connection:
      - keep-alive
      Cache-Control:
      - no-cache
      Access-Control-Allow-Origin:
      - "*"
      Access-Control-Allow-Methods:
      - GET
    body:
      encoding: UTF-8
      string: "[14341128698333736]"
    http_version: 
  recorded_at: Fri, 12 Jun 2015 12:41:09 GMT
recorded_with: VCR 2.9.3
